
Microsoft Visual Studio Solution File, Format Version 12.00
# Visual Studio Version 17
VisualStudioVersion = 17.11.35431.28
MinimumVisualStudioVersion = 10.0.40219.1
Project("{2150E333-8FDC-42A3-9474-1A3956D46DE8}") = "src", "src", "{CF4D2D10-1B36-4F00-ACE1-8337B9977BBD}"
EndProject
Project("{9A19103F-16F7-4668-BE54-9A1E7A4F7556}") = "TodoApp.Core", "TodoApp.Core\TodoApp.Core.csproj", "{EC7E53EF-54BC-4E5D-8EBA-71085A88FDFD}"
EndProject
Project("{9A19103F-16F7-4668-BE54-9A1E7A4F7556}") = "Todo.Infrastructure", "Todo.Infrastructure\Todo.Infrastructure.csproj", "{61A4ED95-C421-48CB-A546-52B6A2E7C360}"
EndProject
<<<<<<< HEAD
Project("{9A19103F-16F7-4668-BE54-9A1E7A4F7556}") = "todo.WebAPI", "ToDo.WebAPI\todo.WebAPI.csproj", "{07A1DA0B-840C-42F7-8C9F-FBC5262E5507}"
=======
Project("{9A19103F-16F7-4668-BE54-9A1E7A4F7556}") = "TodoApp.UI", "TodoApp.UI\TodoApp.UI.csproj", "{1F1C7960-E9E0-48A9-BAF1-6AB7ACAE4982}"
EndProject
Project("{FAE04EC0-301F-11D3-BF4B-00C04F79EFBC}") = "ToDo.WebAPI", "ToDo.WebAPI\ToDo.WebAPI.csproj", "{07A1DA0B-840C-42F7-8C9F-FBC5262E5507}"
>>>>>>> d8c1fe9 (feat(core): complete core layer implementation)
EndProject
Global
	GlobalSection(SolutionConfigurationPlatforms) = preSolution
		Debug|Any CPU = Debug|Any CPU
		Release|Any CPU = Release|Any CPU
	EndGlobalSection
	GlobalSection(ProjectConfigurationPlatforms) = postSolution
		{EC7E53EF-54BC-4E5D-8EBA-71085A88FDFD}.Debug|Any CPU.ActiveCfg = Debug|Any CPU
		{EC7E53EF-54BC-4E5D-8EBA-71085A88FDFD}.Debug|Any CPU.Build.0 = Debug|Any CPU
		{EC7E53EF-54BC-4E5D-8EBA-71085A88FDFD}.Release|Any CPU.ActiveCfg = Release|Any CPU
		{EC7E53EF-54BC-4E5D-8EBA-71085A88FDFD}.Release|Any CPU.Build.0 = Release|Any CPU
		{61A4ED95-C421-48CB-A546-52B6A2E7C360}.Debug|Any CPU.ActiveCfg = Debug|Any CPU
		{61A4ED95-C421-48CB-A546-52B6A2E7C360}.Debug|Any CPU.Build.0 = Debug|Any CPU
		{61A4ED95-C421-48CB-A546-52B6A2E7C360}.Release|Any CPU.ActiveCfg = Release|Any CPU
		{61A4ED95-C421-48CB-A546-52B6A2E7C360}.Release|Any CPU.Build.0 = Release|Any CPU
<<<<<<< HEAD
=======
		{1F1C7960-E9E0-48A9-BAF1-6AB7ACAE4982}.Debug|Any CPU.ActiveCfg = Debug|Any CPU
		{1F1C7960-E9E0-48A9-BAF1-6AB7ACAE4982}.Debug|Any CPU.Build.0 = Debug|Any CPU
		{1F1C7960-E9E0-48A9-BAF1-6AB7ACAE4982}.Release|Any CPU.ActiveCfg = Release|Any CPU
		{1F1C7960-E9E0-48A9-BAF1-6AB7ACAE4982}.Release|Any CPU.Build.0 = Release|Any CPU
>>>>>>> d8c1fe9 (feat(core): complete core layer implementation)
		{07A1DA0B-840C-42F7-8C9F-FBC5262E5507}.Debug|Any CPU.ActiveCfg = Debug|Any CPU
		{07A1DA0B-840C-42F7-8C9F-FBC5262E5507}.Debug|Any CPU.Build.0 = Debug|Any CPU
		{07A1DA0B-840C-42F7-8C9F-FBC5262E5507}.Release|Any CPU.ActiveCfg = Release|Any CPU
		{07A1DA0B-840C-42F7-8C9F-FBC5262E5507}.Release|Any CPU.Build.0 = Release|Any CPU
	EndGlobalSection
	GlobalSection(SolutionProperties) = preSolution
		HideSolutionNode = FALSE
	EndGlobalSection
	GlobalSection(NestedProjects) = preSolution
		{EC7E53EF-54BC-4E5D-8EBA-71085A88FDFD} = {CF4D2D10-1B36-4F00-ACE1-8337B9977BBD}
		{61A4ED95-C421-48CB-A546-52B6A2E7C360} = {CF4D2D10-1B36-4F00-ACE1-8337B9977BBD}
	EndGlobalSection
	GlobalSection(ExtensibilityGlobals) = postSolution
		SolutionGuid = {FD3227B4-4BC7-48F3-B8D7-2FDAE77E2271}
	EndGlobalSection
EndGlobal
